
Microsoft Visual Studio Solution File, Format Version 12.00
# Visual Studio 15
VisualStudioVersion = 15.0.28307.1062
MinimumVisualStudioVersion = 10.0.40219.1
Project("{FAE04EC0-301F-11D3-BF4B-00C04F79EFBC}") = "AddEnchant", "AddEnchant\AddEnchant.csproj", "{3378C642-6C13-4599-B161-820F02DC3AA7}"
EndProject
Global
	GlobalSection(SolutionConfigurationPlatforms) = preSolution
		Debug|Any CPU = Debug|Any CPU
		Release|Any CPU = Release|Any CPU
	EndGlobalSection
	GlobalSection(ProjectConfigurationPlatforms) = postSolution
		{3378C642-6C13-4599-B161-820F02DC3AA7}.Debug|Any CPU.ActiveCfg = Debug|Any CPU
		{3378C642-6C13-4599-B161-820F02DC3AA7}.Debug|Any CPU.Build.0 = Debug|Any CPU
		{3378C642-6C13-4599-B161-820F02DC3AA7}.Release|Any CPU.ActiveCfg = Release|Any CPU
		{3378C642-6C13-4599-B161-820F02DC3AA7}.Release|Any CPU.Build.0 = Release|Any CPU
	EndGlobalSection
	GlobalSection(SolutionProperties) = preSolution
		HideSolutionNode = FALSE
	EndGlobalSection
	GlobalSection(ExtensibilityGlobals) = postSolution
		SolutionGuid = {300C4C7C-C14D-4066-9A71-9E60A9EA5787}
	EndGlobalSection
EndGlobal
